
Microsoft Visual Studio Solution File, Format Version 12.00
# Visual Studio 14
VisualStudioVersion = 14.0.25123.0
MinimumVisualStudioVersion = 10.0.40219.1
Project("{2150E333-8FDC-42A3-9474-1A3956D46DE8}") = "Algorithms", "Algorithms", "{2A8B89A2-C7E3-4A09-B565-3FB8EA4E3370}"
EndProject
Project("{2150E333-8FDC-42A3-9474-1A3956D46DE8}") = "DesignPatterns", "DesignPatterns", "{D935A75B-0CD5-4202-BA40-E55D6335F3EB}"
EndProject
Project("{2150E333-8FDC-42A3-9474-1A3956D46DE8}") = "DataStructures", "DataStructures", "{5EC8CF0C-ED55-42A9-90D5-814E6C714869}"
EndProject
Project("{2150E333-8FDC-42A3-9474-1A3956D46DE8}") = "Searching", "Searching", "{E6E46637-A4D8-4591-A60B-3F7562E4DB7F}"
EndProject
Project("{2150E333-8FDC-42A3-9474-1A3956D46DE8}") = "Sorting", "Sorting", "{706DA785-0A17-40E9-8529-3C80029F58B5}"
EndProject
Project("{2150E333-8FDC-42A3-9474-1A3956D46DE8}") = "Concepts", "Concepts", "{CA32150C-C764-4C59-9DE1-7F92B9E90CD1}"
EndProject
Project("{2150E333-8FDC-42A3-9474-1A3956D46DE8}") = "SolidDesignPrinciples", "SolidDesignPrinciples", "{7A7516EB-A13C-4B4E-8D36-895AD1832A2C}"
EndProject
Project("{FAE04EC0-301F-11D3-BF4B-00C04F79EFBC}") = "BubbleSort", "Algorithms\Sorting\BubbleSort\BubbleSort.csproj", "{70D6654E-7540-401F-81E4-A672718036CF}"
EndProject
Project("{2150E333-8FDC-42A3-9474-1A3956D46DE8}") = "_Helpers", "_Helpers", "{515B77CC-2DA4-4614-BD24-33D73A60062F}"
EndProject
Project("{FAE04EC0-301F-11D3-BF4B-00C04F79EFBC}") = "CodeHelpers", "_Helpers\CodeHelpers\CodeHelpers.csproj", "{006A2099-C988-4DC5-93A0-E46DB18C5772}"
EndProject
Project("{2150E333-8FDC-42A3-9474-1A3956D46DE8}") = "_Tests", "_Tests", "{B2DEEE38-630A-4870-9D8F-09DEABCA1DDA}"
EndProject
Project("{FAE04EC0-301F-11D3-BF4B-00C04F79EFBC}") = "BubbleSort_Tests", "Algorithms\Sorting\BubbleSort_Tests\BubbleSort_Tests.csproj", "{A2753C75-898D-41E3-8A0C-74F84CC1668B}"
EndProject
Project("{FAE04EC0-301F-11D3-BF4B-00C04F79EFBC}") = "TestHelpers", "_Helpers\TestHelpers\TestHelpers.csproj", "{C928D7FD-8A36-4A59-9448-3381FF61F1F8}"
EndProject
Project("{FAE04EC0-301F-11D3-BF4B-00C04F79EFBC}") = "InsertionSort", "Algorithms\Sorting\InsertionSort\InsertionSort.csproj", "{36EED4E5-42E0-498A-A130-281DD54731DC}"
EndProject
Project("{FAE04EC0-301F-11D3-BF4B-00C04F79EFBC}") = "InsertionSort_Tests", "Algorithms\Sorting\InsertionSort_Tests\InsertionSort_Tests.csproj", "{0EE410BE-FF8D-45DB-A977-6DB359E9DCAD}"
EndProject
Project("{2150E333-8FDC-42A3-9474-1A3956D46DE8}") = "_Workers", "_Workers", "{776B9A6B-2769-414A-9D60-9402B7DF11D6}"
EndProject
Project("{FAE04EC0-301F-11D3-BF4B-00C04F79EFBC}") = "Algorithms.Sorting.InsertionSort.Worker", "_Workers\Algorithms.Sorting.InsertionSort.Worker\Algorithms.Sorting.InsertionSort.Worker.csproj", "{3B186B75-6453-4D7E-830A-A50315A43261}"
EndProject
Project("{FAE04EC0-301F-11D3-BF4B-00C04F79EFBC}") = "SelectionSort", "Algorithms\Sorting\SelectionSort\SelectionSort.csproj", "{46DF672B-2658-444C-8674-814E250A935F}"
EndProject
Project("{FAE04EC0-301F-11D3-BF4B-00C04F79EFBC}") = "SelectionSort_Tests", "Algorithms\Sorting\SelectionSort_Tests\SelectionSort_Tests.csproj", "{7A98B049-525E-4DFC-93ED-A1223870B078}"
EndProject
Project("{FAE04EC0-301F-11D3-BF4B-00C04F79EFBC}") = "MergeSort", "Algorithms\Sorting\MergeSort\MergeSort.csproj", "{26549363-F304-460E-94FF-3E3BB7D1E6AE}"
EndProject
Project("{FAE04EC0-301F-11D3-BF4B-00C04F79EFBC}") = "MergeSort_Tests", "Algorithms\Sorting\MergeSort_Tests\MergeSort_Tests.csproj", "{577331E1-269E-42C0-9CC7-1EC33A9CA638}"
EndProject
Project("{FAE04EC0-301F-11D3-BF4B-00C04F79EFBC}") = "OpenClosePrinciple", "SolidDesignPrinciples\OpenClosePrinciple\OpenClosePrinciple.csproj", "{768BCD0E-029D-4559-B3F5-A8B1ECF5B3AF}"
EndProject
Project("{FAE04EC0-301F-11D3-BF4B-00C04F79EFBC}") = "DependencyInversionPrinciple", "SolidDesignPrinciples\DependencyInversionPrinciple\DependencyInversionPrinciple.csproj", "{3A014DB0-1A89-40CA-B5C5-8D4E59B60A1A}"
EndProject
Project("{FAE04EC0-301F-11D3-BF4B-00C04F79EFBC}") = "InterfaceSegregationPrinciple", "SolidDesignPrinciples\InterfaceSegregationPrinciple\InterfaceSegregationPrinciple.csproj", "{B4272037-13D1-43E9-AE8B-E74F72131403}"
EndProject
Project("{FAE04EC0-301F-11D3-BF4B-00C04F79EFBC}") = "SingleResponsibilityPrinciple", "SolidDesignPrinciples\SingleResponsibilityPrinciple\SingleResponsibilityPrinciple.csproj", "{12A127AD-268E-407A-B550-1E3FF745D838}"
EndProject
Global
	GlobalSection(SolutionConfigurationPlatforms) = preSolution
		Debug|Any CPU = Debug|Any CPU
		Release|Any CPU = Release|Any CPU
	EndGlobalSection
	GlobalSection(ProjectConfigurationPlatforms) = postSolution
		{70D6654E-7540-401F-81E4-A672718036CF}.Debug|Any CPU.ActiveCfg = Debug|Any CPU
		{70D6654E-7540-401F-81E4-A672718036CF}.Debug|Any CPU.Build.0 = Debug|Any CPU
		{70D6654E-7540-401F-81E4-A672718036CF}.Release|Any CPU.ActiveCfg = Release|Any CPU
		{70D6654E-7540-401F-81E4-A672718036CF}.Release|Any CPU.Build.0 = Release|Any CPU
		{006A2099-C988-4DC5-93A0-E46DB18C5772}.Debug|Any CPU.ActiveCfg = Debug|Any CPU
		{006A2099-C988-4DC5-93A0-E46DB18C5772}.Debug|Any CPU.Build.0 = Debug|Any CPU
		{006A2099-C988-4DC5-93A0-E46DB18C5772}.Release|Any CPU.ActiveCfg = Release|Any CPU
		{006A2099-C988-4DC5-93A0-E46DB18C5772}.Release|Any CPU.Build.0 = Release|Any CPU
		{A2753C75-898D-41E3-8A0C-74F84CC1668B}.Debug|Any CPU.ActiveCfg = Debug|Any CPU
		{A2753C75-898D-41E3-8A0C-74F84CC1668B}.Debug|Any CPU.Build.0 = Debug|Any CPU
		{A2753C75-898D-41E3-8A0C-74F84CC1668B}.Release|Any CPU.ActiveCfg = Release|Any CPU
		{A2753C75-898D-41E3-8A0C-74F84CC1668B}.Release|Any CPU.Build.0 = Release|Any CPU
		{C928D7FD-8A36-4A59-9448-3381FF61F1F8}.Debug|Any CPU.ActiveCfg = Debug|Any CPU
		{C928D7FD-8A36-4A59-9448-3381FF61F1F8}.Debug|Any CPU.Build.0 = Debug|Any CPU
		{C928D7FD-8A36-4A59-9448-3381FF61F1F8}.Release|Any CPU.ActiveCfg = Release|Any CPU
		{C928D7FD-8A36-4A59-9448-3381FF61F1F8}.Release|Any CPU.Build.0 = Release|Any CPU
		{36EED4E5-42E0-498A-A130-281DD54731DC}.Debug|Any CPU.ActiveCfg = Debug|Any CPU
		{36EED4E5-42E0-498A-A130-281DD54731DC}.Debug|Any CPU.Build.0 = Debug|Any CPU
		{36EED4E5-42E0-498A-A130-281DD54731DC}.Release|Any CPU.ActiveCfg = Release|Any CPU
		{36EED4E5-42E0-498A-A130-281DD54731DC}.Release|Any CPU.Build.0 = Release|Any CPU
		{0EE410BE-FF8D-45DB-A977-6DB359E9DCAD}.Debug|Any CPU.ActiveCfg = Debug|Any CPU
		{0EE410BE-FF8D-45DB-A977-6DB359E9DCAD}.Debug|Any CPU.Build.0 = Debug|Any CPU
		{0EE410BE-FF8D-45DB-A977-6DB359E9DCAD}.Release|Any CPU.ActiveCfg = Release|Any CPU
		{0EE410BE-FF8D-45DB-A977-6DB359E9DCAD}.Release|Any CPU.Build.0 = Release|Any CPU
		{3B186B75-6453-4D7E-830A-A50315A43261}.Debug|Any CPU.ActiveCfg = Debug|Any CPU
		{3B186B75-6453-4D7E-830A-A50315A43261}.Debug|Any CPU.Build.0 = Debug|Any CPU
		{3B186B75-6453-4D7E-830A-A50315A43261}.Release|Any CPU.ActiveCfg = Release|Any CPU
		{3B186B75-6453-4D7E-830A-A50315A43261}.Release|Any CPU.Build.0 = Release|Any CPU
		{46DF672B-2658-444C-8674-814E250A935F}.Debug|Any CPU.ActiveCfg = Debug|Any CPU
		{46DF672B-2658-444C-8674-814E250A935F}.Debug|Any CPU.Build.0 = Debug|Any CPU
		{46DF672B-2658-444C-8674-814E250A935F}.Release|Any CPU.ActiveCfg = Release|Any CPU
		{46DF672B-2658-444C-8674-814E250A935F}.Release|Any CPU.Build.0 = Release|Any CPU
		{7A98B049-525E-4DFC-93ED-A1223870B078}.Debug|Any CPU.ActiveCfg = Debug|Any CPU
		{7A98B049-525E-4DFC-93ED-A1223870B078}.Debug|Any CPU.Build.0 = Debug|Any CPU
		{7A98B049-525E-4DFC-93ED-A1223870B078}.Release|Any CPU.ActiveCfg = Release|Any CPU
		{7A98B049-525E-4DFC-93ED-A1223870B078}.Release|Any CPU.Build.0 = Release|Any CPU
		{26549363-F304-460E-94FF-3E3BB7D1E6AE}.Debug|Any CPU.ActiveCfg = Debug|Any CPU
		{26549363-F304-460E-94FF-3E3BB7D1E6AE}.Debug|Any CPU.Build.0 = Debug|Any CPU
		{26549363-F304-460E-94FF-3E3BB7D1E6AE}.Release|Any CPU.ActiveCfg = Release|Any CPU
		{26549363-F304-460E-94FF-3E3BB7D1E6AE}.Release|Any CPU.Build.0 = Release|Any CPU
		{577331E1-269E-42C0-9CC7-1EC33A9CA638}.Debug|Any CPU.ActiveCfg = Debug|Any CPU
		{577331E1-269E-42C0-9CC7-1EC33A9CA638}.Debug|Any CPU.Build.0 = Debug|Any CPU
		{577331E1-269E-42C0-9CC7-1EC33A9CA638}.Release|Any CPU.ActiveCfg = Release|Any CPU
		{577331E1-269E-42C0-9CC7-1EC33A9CA638}.Release|Any CPU.Build.0 = Release|Any CPU
		{768BCD0E-029D-4559-B3F5-A8B1ECF5B3AF}.Debug|Any CPU.ActiveCfg = Debug|Any CPU
		{768BCD0E-029D-4559-B3F5-A8B1ECF5B3AF}.Debug|Any CPU.Build.0 = Debug|Any CPU
		{768BCD0E-029D-4559-B3F5-A8B1ECF5B3AF}.Release|Any CPU.ActiveCfg = Release|Any CPU
		{768BCD0E-029D-4559-B3F5-A8B1ECF5B3AF}.Release|Any CPU.Build.0 = Release|Any CPU
		{3A014DB0-1A89-40CA-B5C5-8D4E59B60A1A}.Debug|Any CPU.ActiveCfg = Debug|Any CPU
		{3A014DB0-1A89-40CA-B5C5-8D4E59B60A1A}.Debug|Any CPU.Build.0 = Debug|Any CPU
		{3A014DB0-1A89-40CA-B5C5-8D4E59B60A1A}.Release|Any CPU.ActiveCfg = Release|Any CPU
		{3A014DB0-1A89-40CA-B5C5-8D4E59B60A1A}.Release|Any CPU.Build.0 = Release|Any CPU
		{B4272037-13D1-43E9-AE8B-E74F72131403}.Debug|Any CPU.ActiveCfg = Debug|Any CPU
		{B4272037-13D1-43E9-AE8B-E74F72131403}.Debug|Any CPU.Build.0 = Debug|Any CPU
		{B4272037-13D1-43E9-AE8B-E74F72131403}.Release|Any CPU.ActiveCfg = Release|Any CPU
		{B4272037-13D1-43E9-AE8B-E74F72131403}.Release|Any CPU.Build.0 = Release|Any CPU
		{12A127AD-268E-407A-B550-1E3FF745D838}.Debug|Any CPU.ActiveCfg = Debug|Any CPU
		{12A127AD-268E-407A-B550-1E3FF745D838}.Debug|Any CPU.Build.0 = Debug|Any CPU
		{12A127AD-268E-407A-B550-1E3FF745D838}.Release|Any CPU.ActiveCfg = Release|Any CPU
		{12A127AD-268E-407A-B550-1E3FF745D838}.Release|Any CPU.Build.0 = Release|Any CPU
	EndGlobalSection
	GlobalSection(SolutionProperties) = preSolution
		HideSolutionNode = FALSE
	EndGlobalSection
	GlobalSection(NestedProjects) = preSolution
		{E6E46637-A4D8-4591-A60B-3F7562E4DB7F} = {2A8B89A2-C7E3-4A09-B565-3FB8EA4E3370}
		{706DA785-0A17-40E9-8529-3C80029F58B5} = {2A8B89A2-C7E3-4A09-B565-3FB8EA4E3370}
		{70D6654E-7540-401F-81E4-A672718036CF} = {706DA785-0A17-40E9-8529-3C80029F58B5}
		{006A2099-C988-4DC5-93A0-E46DB18C5772} = {515B77CC-2DA4-4614-BD24-33D73A60062F}
		{A2753C75-898D-41E3-8A0C-74F84CC1668B} = {B2DEEE38-630A-4870-9D8F-09DEABCA1DDA}
		{C928D7FD-8A36-4A59-9448-3381FF61F1F8} = {515B77CC-2DA4-4614-BD24-33D73A60062F}
		{36EED4E5-42E0-498A-A130-281DD54731DC} = {706DA785-0A17-40E9-8529-3C80029F58B5}
		{0EE410BE-FF8D-45DB-A977-6DB359E9DCAD} = {B2DEEE38-630A-4870-9D8F-09DEABCA1DDA}
		{3B186B75-6453-4D7E-830A-A50315A43261} = {776B9A6B-2769-414A-9D60-9402B7DF11D6}
		{46DF672B-2658-444C-8674-814E250A935F} = {706DA785-0A17-40E9-8529-3C80029F58B5}
		{7A98B049-525E-4DFC-93ED-A1223870B078} = {B2DEEE38-630A-4870-9D8F-09DEABCA1DDA}
		{26549363-F304-460E-94FF-3E3BB7D1E6AE} = {706DA785-0A17-40E9-8529-3C80029F58B5}
		{577331E1-269E-42C0-9CC7-1EC33A9CA638} = {B2DEEE38-630A-4870-9D8F-09DEABCA1DDA}
		{768BCD0E-029D-4559-B3F5-A8B1ECF5B3AF} = {7A7516EB-A13C-4B4E-8D36-895AD1832A2C}
		{3A014DB0-1A89-40CA-B5C5-8D4E59B60A1A} = {7A7516EB-A13C-4B4E-8D36-895AD1832A2C}
		{B4272037-13D1-43E9-AE8B-E74F72131403} = {7A7516EB-A13C-4B4E-8D36-895AD1832A2C}
		{12A127AD-268E-407A-B550-1E3FF745D838} = {7A7516EB-A13C-4B4E-8D36-895AD1832A2C}
	EndGlobalSection
EndGlobal
